
Microsoft Visual Studio Solution File, Format Version 12.00
# Visual Studio Version 16
VisualStudioVersion = 16.0.33529.622
MinimumVisualStudioVersion = 10.0.40219.1
Project("{FAE04EC0-301F-11D3-BF4B-00C04F79EFBC}") = "ProducerConsumer", "ProducerConsumer\ProducerConsumer.csproj", "{C31644BB-E592-49F2-B4C9-BE2403F8DD14}"
EndProject
Global
	GlobalSection(SolutionConfigurationPlatforms) = preSolution
		Debug|Any CPU = Debug|Any CPU
		Release|Any CPU = Release|Any CPU
	EndGlobalSection
	GlobalSection(ProjectConfigurationPlatforms) = postSolution
		{C31644BB-E592-49F2-B4C9-BE2403F8DD14}.Debug|Any CPU.ActiveCfg = Debug|Any CPU
		{C31644BB-E592-49F2-B4C9-BE2403F8DD14}.Debug|Any CPU.Build.0 = Debug|Any CPU
		{C31644BB-E592-49F2-B4C9-BE2403F8DD14}.Release|Any CPU.ActiveCfg = Release|Any CPU
		{C31644BB-E592-49F2-B4C9-BE2403F8DD14}.Release|Any CPU.Build.0 = Release|Any CPU
	EndGlobalSection
	GlobalSection(SolutionProperties) = preSolution
		HideSolutionNode = FALSE
	EndGlobalSection
	GlobalSection(ExtensibilityGlobals) = postSolution
		SolutionGuid = {B6DD89E4-A3FD-4DEF-B96E-EA3EA1F81637}
	EndGlobalSection
EndGlobal
